// !$*UTF8*$!
{
	archiveVersion = 1;
	classes = {
	};
	objectVersion = 50;
	objects = {

/* Begin PBXAggregateTarget section */
		5E11C3F02213F8C600F9106F /* Universal */ = {
			isa = PBXAggregateTarget;
			buildConfigurationList = 5E11C3F12213F8C600F9106F /* Build configuration list for PBXAggregateTarget "Universal" */;
			buildPhases = (
				5E11C3F42213F90300F9106F /* ShellScript */,
			);
			dependencies = (
			);
			name = Universal;
			productName = Universal;
		};
/* End PBXAggregateTarget section */

/* Begin PBXBuildFile section */
		5E11C3E62213F1D300F9106F /* MKAToggleButton.h in CopyFiles */ = {isa = PBXBuildFile; fileRef = 5E11C3E32213F1D300F9106F /* MKAToggleButton.h */; };
		5E11C4522214178900F9106F /* MKAIconToggleButton.m in Sources */ = {isa = PBXBuildFile; fileRef = 5E11C4512214178900F9106F /* MKAIconToggleButton.m */; };
/* End PBXBuildFile section */

/* Begin PBXCopyFilesBuildPhase section */
		5E11C3DE2213F1D300F9106F /* CopyFiles */ = {
			isa = PBXCopyFilesBuildPhase;
			buildActionMask = 2147483647;
			dstPath = "include/$(PRODUCT_NAME)";
			dstSubfolderSpec = 16;
			files = (
				5E11C3E62213F1D300F9106F /* MKAToggleButton.h in CopyFiles */,
			);
			runOnlyForDeploymentPostprocessing = 0;
		};
/* End PBXCopyFilesBuildPhase section */

/* Begin PBXFileReference section */
		5E11C3E02213F1D300F9106F /* libMKAToggleButton.a */ = {isa = PBXFileReference; explicitFileType = archive.ar; includeInIndex = 0; path = libMKAToggleButton.a; sourceTree = BUILT_PRODUCTS_DIR; };
		5E11C3E32213F1D300F9106F /* MKAToggleButton.h */ = {isa = PBXFileReference; lastKnownFileType = sourcecode.c.h; path = MKAToggleButton.h; sourceTree = "<group>"; };
		5E11C3EF2213F54B00F9106F /* Info.plist */ = {isa = PBXFileReference; lastKnownFileType = text.plist.xml; path = Info.plist; sourceTree = "<group>"; };
		5E11C4502214178900F9106F /* MKAIconToggleButton.h */ = {isa = PBXFileReference; lastKnownFileType = sourcecode.c.h; path = MKAIconToggleButton.h; sourceTree = "<group>"; };
		5E11C4512214178900F9106F /* MKAIconToggleButton.m */ = {isa = PBXFileReference; lastKnownFileType = sourcecode.c.objc; path = MKAIconToggleButton.m; sourceTree = "<group>"; };
/* End PBXFileReference section */

/* Begin PBXFrameworksBuildPhase section */
		5E11C3DD2213F1D300F9106F /* Frameworks */ = {
			isa = PBXFrameworksBuildPhase;
			buildActionMask = 2147483647;
			files = (
			);
			runOnlyForDeploymentPostprocessing = 0;
		};
/* End PBXFrameworksBuildPhase section */

/* Begin PBXGroup section */
		5E11C3D72213F1D300F9106F = {
			isa = PBXGroup;
			children = (
				5E11C3E22213F1D300F9106F /* MKAToggleButton */,
				5E11C3E12213F1D300F9106F /* Products */,
			);
			sourceTree = "<group>";
		};
		5E11C3E12213F1D300F9106F /* Products */ = {
			isa = PBXGroup;
			children = (
				5E11C3E02213F1D300F9106F /* libMKAToggleButton.a */,
			);
			name = Products;
			sourceTree = "<group>";
		};
		5E11C3E22213F1D300F9106F /* MKAToggleButton */ = {
			isa = PBXGroup;
			children = (
				5E11C3EC2213F50500F9106F /* Headers */,
				5E11C3EE2213F53300F9106F /* Resources */,
				5E11C3ED2213F50D00F9106F /* Sources */,
			);
			path = MKAToggleButton;
			sourceTree = "<group>";
		};
		5E11C3EC2213F50500F9106F /* Headers */ = {
			isa = PBXGroup;
			children = (
				5E11C4502214178900F9106F /* MKAIconToggleButton.h */,
				5E11C3E32213F1D300F9106F /* MKAToggleButton.h */,
			);
			path = Headers;
			sourceTree = "<group>";
		};
		5E11C3ED2213F50D00F9106F /* Sources */ = {
			isa = PBXGroup;
			children = (
				5E11C4512214178900F9106F /* MKAIconToggleButton.m */,
			);
			path = Sources;
			sourceTree = "<group>";
		};
		5E11C3EE2213F53300F9106F /* Resources */ = {
			isa = PBXGroup;
			children = (
				5E11C3EF2213F54B00F9106F /* Info.plist */,
			);
			path = Resources;
			sourceTree = "<group>";
		};
/* End PBXGroup section */

/* Begin PBXNativeTarget section */
		5E11C3DF2213F1D300F9106F /* MKAToggleButton */ = {
			isa = PBXNativeTarget;
			buildConfigurationList = 5E11C3E92213F1D300F9106F /* Build configuration list for PBXNativeTarget "MKAToggleButton" */;
			buildPhases = (
				5E11C3DC2213F1D300F9106F /* Sources */,
				5E11C3DD2213F1D300F9106F /* Frameworks */,
				5E11C3DE2213F1D300F9106F /* CopyFiles */,
			);
			buildRules = (
			);
			dependencies = (
			);
			name = MKAToggleButton;
			productName = MKAToggleButton;
			productReference = 5E11C3E02213F1D300F9106F /* libMKAToggleButton.a */;
			productType = "com.apple.product-type.library.static";
		};
/* End PBXNativeTarget section */

/* Begin PBXProject section */
		5E11C3D82213F1D300F9106F /* Project object */ = {
			isa = PBXProject;
			attributes = {
				LastUpgradeCheck = 1010;
				ORGANIZATIONNAME = "Hituzi Ando";
				TargetAttributes = {
					5E11C3DF2213F1D300F9106F = {
						CreatedOnToolsVersion = 10.1;
					};
					5E11C3F02213F8C600F9106F = {
						CreatedOnToolsVersion = 10.1;
					};
				};
			};
			buildConfigurationList = 5E11C3DB2213F1D300F9106F /* Build configuration list for PBXProject "MKAToggleButton" */;
			compatibilityVersion = "Xcode 9.3";
			developmentRegion = en;
			hasScannedForEncodings = 0;
			knownRegions = (
				en,
			);
			mainGroup = 5E11C3D72213F1D300F9106F;
			productRefGroup = 5E11C3E12213F1D300F9106F /* Products */;
			projectDirPath = "";
			projectRoot = "";
			targets = (
				5E11C3DF2213F1D300F9106F /* MKAToggleButton */,
				5E11C3F02213F8C600F9106F /* Universal */,
			);
		};
/* End PBXProject section */

/* Begin PBXShellScriptBuildPhase section */
		5E11C3F42213F90300F9106F /* ShellScript */ = {
			isa = PBXShellScriptBuildPhase;
			buildActionMask = 2147483647;
			files = (
			);
			inputFileListPaths = (
			);
			inputPaths = (
			);
			outputFileListPaths = (
			);
			outputPaths = (
			);
			runOnlyForDeploymentPostprocessing = 0;
			shellPath = /bin/sh;
			shellScript = "# ==============================\n# Set env\n# ==============================\nINFOPLIST=\"${PROJECT_NAME}/Resources/Info.plist\"\nFRAMEWORK_NAME=$(/usr/libexec/PlistBuddy -c \"Print CFBundleName\" ${INFOPLIST})\nBUILD_TARGET_NAME=$FRAMEWORK_NAME\nFRAMEWORK_BUILD_CONFIGURATION=\"${CONFIGURATION}\"\nFRAMEWORK_VERSION_NUMBER=$(/usr/libexec/PlistBuddy -c \"Print CFBundleShortVersionString\" ${INFOPLIST})\nFRAMEWORK_VERSION=A\nFRAMEWORK_BUILD_PATH=\"Framework\"\nFRAMEWORK_DIR=\"${FRAMEWORK_BUILD_PATH}/${FRAMEWORK_NAME}.framework\"\nPACKAGENAME=\"${FRAMEWORK_NAME}-${FRAMEWORK_VERSION_NUMBER}.zip\"\n\n# ==============================\n# Build\n# ==============================\nxcodebuild -configuration ${FRAMEWORK_BUILD_CONFIGURATION} -target ${BUILD_TARGET_NAME} clean\nxcodebuild -configuration ${FRAMEWORK_BUILD_CONFIGURATION} -target ${BUILD_TARGET_NAME} -sdk iphonesimulator\n[ $? != 0 ] && exit 1\nxcodebuild -configuration ${FRAMEWORK_BUILD_CONFIGURATION} -target ${BUILD_TARGET_NAME} -sdk iphoneos\n[ $? != 0 ] && exit 1\n\n# ==============================\n# Make directories\n# ==============================\n[ -d \"${FRAMEWORK_BUILD_PATH}\" ] && rm -rf \"${FRAMEWORK_BUILD_PATH}\"\nmkdir -p ${FRAMEWORK_DIR}\nmkdir -p ${FRAMEWORK_DIR}/Headers\nmkdir -p ${FRAMEWORK_DIR}/Resources\nmkdir -p ${FRAMEWORK_DIR}/Modules\n\n#mkdir -p ${FRAMEWORK_DIR}/Versions\n#mkdir -p ${FRAMEWORK_DIR}/Versions/${FRAMEWORK_VERSION}\n#mkdir -p ${FRAMEWORK_DIR}/Versions/${FRAMEWORK_VERSION}/Resources\n#mkdir -p ${FRAMEWORK_DIR}/Versions/${FRAMEWORK_VERSION}/Headers\n#ln -s ${FRAMEWORK_VERSION} ${FRAMEWORK_DIR}/Versions/Current\n#ln -s Versions/Current/Headers ${FRAMEWORK_DIR}/Headers\n#ln -s Versions/Current/Resources ${FRAMEWORK_DIR}/Resources\n#ln -s Versions/Current/${FRAMEWORK_NAME} ${FRAMEWORK_DIR}/${FRAMEWORK_NAME}\n\n# ==============================\n# Make framework\n# ==============================\nlipo -create \\\nbuild/${FRAMEWORK_BUILD_CONFIGURATION}-iphoneos/lib${FRAMEWORK_NAME}.a \\\nbuild/${FRAMEWORK_BUILD_CONFIGURATION}-iphonesimulator/lib${FRAMEWORK_NAME}.a \\\n-o \"${FRAMEWORK_DIR}/${FRAMEWORK_NAME}\"\n#-o \"${FRAMEWORK_DIR}/Versions/Current/${FRAMEWORK_NAME}\"\n\ncp -Rf \"${PROJECT_NAME}/Headers/\" ${FRAMEWORK_DIR}/Headers/\ncp \"${PROJECT_NAME}/Resources/\" ${FRAMEWORK_DIR}/Resources/\ncp ${INFOPLIST} ${FRAMEWORK_DIR}/Resources/\ncp -Rf \"${PROJECT_NAME}/Modules/\" ${FRAMEWORK_DIR}/Modules/\ncd ${FRAMEWORK_BUILD_PATH}\nchmod -fR 755 \"${FRAMEWORK_NAME}.framework\"\nzip -ry ${PACKAGENAME} $(basename $FRAMEWORK_DIR)\ncd ${SRCROOT}\n\n# ==============================\n# Copy framework to sample app\n# ==============================\ncp -rf ${FRAMEWORK_DIR} ./Sample/ObjC/Framework\ncp -rf ${FRAMEWORK_DIR} ./Sample/Swift/Framework\n\n";
		};
/* End PBXShellScriptBuildPhase section */

/* Begin PBXSourcesBuildPhase section */
		5E11C3DC2213F1D300F9106F /* Sources */ = {
			isa = PBXSourcesBuildPhase;
			buildActionMask = 2147483647;
			files = (
				5E11C4522214178900F9106F /* MKAIconToggleButton.m in Sources */,
			);
			runOnlyForDeploymentPostprocessing = 0;
		};
/* End PBXSourcesBuildPhase section */

/* Begin XCBuildConfiguration section */
		5E11C3E72213F1D300F9106F /* Debug */ = {
			isa = XCBuildConfiguration;
			buildSettings = {
				ALWAYS_SEARCH_USER_PATHS = NO;
				CLANG_ANALYZER_NONNULL = YES;
				CLANG_ANALYZER_NUMBER_OBJECT_CONVERSION = YES_AGGRESSIVE;
				CLANG_CXX_LANGUAGE_STANDARD = "gnu++14";
				CLANG_CXX_LIBRARY = "libc++";
				CLANG_ENABLE_MODULES = YES;
				CLANG_ENABLE_OBJC_ARC = YES;
				CLANG_ENABLE_OBJC_WEAK = YES;
				CLANG_WARN_BLOCK_CAPTURE_AUTORELEASING = YES;
				CLANG_WARN_BOOL_CONVERSION = YES;
				CLANG_WARN_COMMA = YES;
				CLANG_WARN_CONSTANT_CONVERSION = YES;
				CLANG_WARN_DEPRECATED_OBJC_IMPLEMENTATIONS = YES;
				CLANG_WARN_DIRECT_OBJC_ISA_USAGE = YES_ERROR;
				CLANG_WARN_DOCUMENTATION_COMMENTS = YES;
				CLANG_WARN_EMPTY_BODY = YES;
				CLANG_WARN_ENUM_CONVERSION = YES;
				CLANG_WARN_INFINITE_RECURSION = YES;
				CLANG_WARN_INT_CONVERSION = YES;
				CLANG_WARN_NON_LITERAL_NULL_CONVERSION = YES;
				CLANG_WARN_OBJC_IMPLICIT_RETAIN_SELF = YES;
				CLANG_WARN_OBJC_LITERAL_CONVERSION = YES;
				CLANG_WARN_OBJC_ROOT_CLASS = YES_ERROR;
				CLANG_WARN_RANGE_LOOP_ANALYSIS = YES;
				CLANG_WARN_STRICT_PROTOTYPES = YES;
				CLANG_WARN_SUSPICIOUS_MOVE = YES;
				CLANG_WARN_UNGUARDED_AVAILABILITY = YES_AGGRESSIVE;
				CLANG_WARN_UNREACHABLE_CODE = YES;
				CLANG_WARN__DUPLICATE_METHOD_MATCH = YES;
				CODE_SIGN_IDENTITY = "iPhone Developer";
				COPY_PHASE_STRIP = NO;
				DEBUG_INFORMATION_FORMAT = dwarf;
				ENABLE_STRICT_OBJC_MSGSEND = YES;
				ENABLE_TESTABILITY = YES;
				GCC_C_LANGUAGE_STANDARD = gnu11;
				GCC_DYNAMIC_NO_PIC = NO;
				GCC_NO_COMMON_BLOCKS = YES;
				GCC_OPTIMIZATION_LEVEL = 0;
				GCC_PREPROCESSOR_DEFINITIONS = (
					"DEBUG=1",
					"$(inherited)",
				);
				GCC_WARN_64_TO_32_BIT_CONVERSION = YES;
				GCC_WARN_ABOUT_RETURN_TYPE = YES_ERROR;
				GCC_WARN_UNDECLARED_SELECTOR = YES;
				GCC_WARN_UNINITIALIZED_AUTOS = YES_AGGRESSIVE;
				GCC_WARN_UNUSED_FUNCTION = YES;
				GCC_WARN_UNUSED_VARIABLE = YES;
				IPHONEOS_DEPLOYMENT_TARGET = 9.0;
				MTL_ENABLE_DEBUG_INFO = INCLUDE_SOURCE;
				MTL_FAST_MATH = YES;
				ONLY_ACTIVE_ARCH = NO;
				SDKROOT = iphoneos;
				VALID_ARCHS = "arm64 arm64e armv7 armv7s i386 x86_64";
			};
			name = Debug;
		};
		5E11C3E82213F1D300F9106F /* Release */ = {
			isa = XCBuildConfiguration;
			buildSettings = {
				ALWAYS_SEARCH_USER_PATHS = NO;
				CLANG_ANALYZER_NONNULL = YES;
				CLANG_ANALYZER_NUMBER_OBJECT_CONVERSION = YES_AGGRESSIVE;
				CLANG_CXX_LANGUAGE_STANDARD = "gnu++14";
				CLANG_CXX_LIBRARY = "libc++";
				CLANG_ENABLE_MODULES = YES;
				CLANG_ENABLE_OBJC_ARC = YES;
				CLANG_ENABLE_OBJC_WEAK = YES;
				CLANG_WARN_BLOCK_CAPTURE_AUTORELEASING = YES;
				CLANG_WARN_BOOL_CONVERSION = YES;
				CLANG_WARN_COMMA = YES;
				CLANG_WARN_CONSTANT_CONVERSION = YES;
				CLANG_WARN_DEPRECATED_OBJC_IMPLEMENTATIONS = YES;
				CLANG_WARN_DIRECT_OBJC_ISA_USAGE = YES_ERROR;
				CLANG_WARN_DOCUMENTATION_COMMENTS = YES;
				CLANG_WARN_EMPTY_BODY = YES;
				CLANG_WARN_ENUM_CONVERSION = YES;
				CLANG_WARN_INFINITE_RECURSION = YES;
				CLANG_WARN_INT_CONVERSION = YES;
				CLANG_WARN_NON_LITERAL_NULL_CONVERSION = YES;
				CLANG_WARN_OBJC_IMPLICIT_RETAIN_SELF = YES;
				CLANG_WARN_OBJC_LITERAL_CONVERSION = YES;
				CLANG_WARN_OBJC_ROOT_CLASS = YES_ERROR;
				CLANG_WARN_RANGE_LOOP_ANALYSIS = YES;
				CLANG_WARN_STRICT_PROTOTYPES = YES;
				CLANG_WARN_SUSPICIOUS_MOVE = YES;
				CLANG_WARN_UNGUARDED_AVAILABILITY = YES_AGGRESSIVE;
				CLANG_WARN_UNREACHABLE_CODE = YES;
				CLANG_WARN__DUPLICATE_METHOD_MATCH = YES;
				CODE_SIGN_IDENTITY = "iPhone Developer";
				COPY_PHASE_STRIP = NO;
				DEBUG_INFORMATION_FORMAT = "dwarf-with-dsym";
				ENABLE_NS_ASSERTIONS = NO;
				ENABLE_STRICT_OBJC_MSGSEND = YES;
				GCC_C_LANGUAGE_STANDARD = gnu11;
				GCC_NO_COMMON_BLOCKS = YES;
				GCC_WARN_64_TO_32_BIT_CONVERSION = YES;
				GCC_WARN_ABOUT_RETURN_TYPE = YES_ERROR;
				GCC_WARN_UNDECLARED_SELECTOR = YES;
				GCC_WARN_UNINITIALIZED_AUTOS = YES_AGGRESSIVE;
				GCC_WARN_UNUSED_FUNCTION = YES;
				GCC_WARN_UNUSED_VARIABLE = YES;
				IPHONEOS_DEPLOYMENT_TARGET = 9.0;
				MTL_ENABLE_DEBUG_INFO = NO;
				MTL_FAST_MATH = YES;
				SDKROOT = iphoneos;
				VALIDATE_PRODUCT = YES;
				VALID_ARCHS = "arm64 arm64e armv7 armv7s i386 x86_64";
			};
			name = Release;
		};
		5E11C3EA2213F1D300F9106F /* Debug */ = {
			isa = XCBuildConfiguration;
			buildSettings = {
				CODE_SIGN_STYLE = Automatic;
				OTHER_LDFLAGS = "-ObjC";
				PRODUCT_NAME = "$(TARGET_NAME)";
				SKIP_INSTALL = YES;
				TARGETED_DEVICE_FAMILY = "1,2";
			};
			name = Debug;
		};
		5E11C3EB2213F1D300F9106F /* Release */ = {
			isa = XCBuildConfiguration;
			buildSettings = {
				CODE_SIGN_STYLE = Automatic;
				OTHER_LDFLAGS = "-ObjC";
				PRODUCT_NAME = "$(TARGET_NAME)";
				SKIP_INSTALL = YES;
				TARGETED_DEVICE_FAMILY = "1,2";
			};
			name = Release;
		};
		5E11C3F22213F8C600F9106F /* Debug */ = {
			isa = XCBuildConfiguration;
			buildSettings = {
				CODE_SIGN_STYLE = Automatic;
				PRODUCT_NAME = "$(TARGET_NAME)";
			};
			name = Debug;
		};
		5E11C3F32213F8C600F9106F /* Release */ = {
			isa = XCBuildConfiguration;
			buildSettings = {
				CODE_SIGN_STYLE = Automatic;
				PRODUCT_NAME = "$(TARGET_NAME)";
			};
			name = Release;
		};
/* End XCBuildConfiguration section */

/* Begin XCConfigurationList section */
		5E11C3DB2213F1D300F9106F /* Build configuration list for PBXProject "MKAToggleButton" */ = {
			isa = XCConfigurationList;
			buildConfigurations = (
				5E11C3E72213F1D300F9106F /* Debug */,
				5E11C3E82213F1D300F9106F /* Release */,
			);
			defaultConfigurationIsVisible = 0;
			defaultConfigurationName = Release;
		};
		5E11C3E92213F1D300F9106F /* Build configuration list for PBXNativeTarget "MKAToggleButton" */ = {
			isa = XCConfigurationList;
			buildConfigurations = (
				5E11C3EA2213F1D300F9106F /* Debug */,
				5E11C3EB2213F1D300F9106F /* Release */,
			);
			defaultConfigurationIsVisible = 0;
			defaultConfigurationName = Release;
		};
		5E11C3F12213F8C600F9106F /* Build configuration list for PBXAggregateTarget "Universal" */ = {
			isa = XCConfigurationList;
			buildConfigurations = (
				5E11C3F22213F8C600F9106F /* Debug */,
				5E11C3F32213F8C600F9106F /* Release */,
			);
			defaultConfigurationIsVisible = 0;
			defaultConfigurationName = Release;
		};
/* End XCConfigurationList section */
	};
	rootObject = 5E11C3D82213F1D300F9106F /* Project object */;
}
